
Microsoft Visual Studio Solution File, Format Version 12.00
# Visual Studio Version 16
VisualStudioVersion = 16.0.29102.190
MinimumVisualStudioVersion = 10.0.40219.1
Project("{FAE04EC0-301F-11D3-BF4B-00C04F79EFBC}") = "DevRelSurveyLottery", "DevRelSurveyLottery.csproj", "{27F50B6E-7868-4FA1-B4C5-30315B060FD6}"
EndProject
Global
	GlobalSection(SolutionConfigurationPlatforms) = preSolution
		Debug|Any CPU = Debug|Any CPU
		Release|Any CPU = Release|Any CPU
	EndGlobalSection
	GlobalSection(ProjectConfigurationPlatforms) = postSolution
		{27F50B6E-7868-4FA1-B4C5-30315B060FD6}.Debug|Any CPU.ActiveCfg = Debug|Any CPU
		{27F50B6E-7868-4FA1-B4C5-30315B060FD6}.Debug|Any CPU.Build.0 = Debug|Any CPU
		{27F50B6E-7868-4FA1-B4C5-30315B060FD6}.Release|Any CPU.ActiveCfg = Release|Any CPU
		{27F50B6E-7868-4FA1-B4C5-30315B060FD6}.Release|Any CPU.Build.0 = Release|Any CPU
	EndGlobalSection
	GlobalSection(SolutionProperties) = preSolution
		HideSolutionNode = FALSE
	EndGlobalSection
	GlobalSection(ExtensibilityGlobals) = postSolution
		SolutionGuid = {E103F5D2-114D-4C5E-AF1A-7CA14A97401B}
	EndGlobalSection
EndGlobal
